{
  "requires": true,
  "lockfileVersion": 1,
  "dependencies": {
    "@daypilot/daypilot-lite-javascript": {
      "version": "3.10.1",
      "resolved": "https://registry.npmjs.org/@daypilot/daypilot-lite-javascript/-/daypilot-lite-javascript-3.10.1.tgz",
      "integrity": "sha512-hPMjNnUR4H1oKSdzl8Pc3wm+ow4+DN/OeVBhaUIqa9GWCSF03lM/OGnTzZKKQNuBPq1J8jsfmrsDFkGz5vrGpA=="
    }
  }
}
